
Microsoft Visual Studio Solution File, Format Version 12.00
# Visual Studio 15
VisualStudioVersion = 15.0.28307.271
MinimumVisualStudioVersion = 10.0.40219.1
Project("{9A19103F-16F7-4668-BE54-9A1E7A4F7556}") = "MusicDeck", "MusicDeck\MusicDeck.csproj", "{150B37BC-77ED-4D9F-AB1D-C390CE72AC03}"
EndProject
Project("{2150E333-8FDC-42A3-9474-1A3956D46DE8}") = "Solution Items", "Solution Items", "{C9A60388-E13B-435A-BE52-58843D30295E}"
	ProjectSection(SolutionItems) = preProject
		LICENSE.txt = LICENSE.txt
		README.md = README.md
	EndProjectSection
EndProject
Project("{9A19103F-16F7-4668-BE54-9A1E7A4F7556}") = "MusicDeck.Tests", "MusicDeck.Tests\MusicDeck.Tests.csproj", "{2BCE91E0-AFC2-4322-8277-A27CDEFD2648}"
EndProject
Global
	GlobalSection(SolutionConfigurationPlatforms) = preSolution
		Debug|Any CPU = Debug|Any CPU
		Release|Any CPU = Release|Any CPU
	EndGlobalSection
	GlobalSection(ProjectConfigurationPlatforms) = postSolution
		{150B37BC-77ED-4D9F-AB1D-C390CE72AC03}.Debug|Any CPU.ActiveCfg = Debug|Any CPU
		{150B37BC-77ED-4D9F-AB1D-C390CE72AC03}.Debug|Any CPU.Build.0 = Debug|Any CPU
		{150B37BC-77ED-4D9F-AB1D-C390CE72AC03}.Release|Any CPU.ActiveCfg = Release|Any CPU
		{150B37BC-77ED-4D9F-AB1D-C390CE72AC03}.Release|Any CPU.Build.0 = Release|Any CPU
		{2BCE91E0-AFC2-4322-8277-A27CDEFD2648}.Debug|Any CPU.ActiveCfg = Debug|Any CPU
		{2BCE91E0-AFC2-4322-8277-A27CDEFD2648}.Debug|Any CPU.Build.0 = Debug|Any CPU
		{2BCE91E0-AFC2-4322-8277-A27CDEFD2648}.Release|Any CPU.ActiveCfg = Release|Any CPU
		{2BCE91E0-AFC2-4322-8277-A27CDEFD2648}.Release|Any CPU.Build.0 = Release|Any CPU
	EndGlobalSection
	GlobalSection(SolutionProperties) = preSolution
		HideSolutionNode = FALSE
	EndGlobalSection
	GlobalSection(ExtensibilityGlobals) = postSolution
		SolutionGuid = {2E26F094-10DF-4B38-825C-DB15C114DB08}
	EndGlobalSection
EndGlobal
